{
  "originHash" : "dd45e89187127d3f735e9745035a7eeb2c95ca8b97d3fe9d91149a920aa71de0",
  "pins" : [
    {
      "identity" : "didresolver-swift",
      "kind" : "remoteSourceControl",
      "location" : "https://github.com/swiyu-admin-ch/didresolver-swift/",
      "state" : {
        "revision" : "0c2cd6f5cff27d90085af1b08b4cf2ad7fd6b62d",
        "version" : "2.7.0"
      }
    },
    {
      "identity" : "jsonschema-swift",
      "kind" : "remoteSourceControl",
      "location" : "https://github.com/swiyu-admin-ch/jsonschema-swift",
      "state" : {
        "revision" : "77eac7ef0382213a08976925f294b20a532c677e",
        "version" : "0.45.0"
      }
    },
    {
      "identity" : "swifter",
      "kind" : "remoteSourceControl",
      "location" : "https://github.com/httpswift/swifter.git",
      "state" : {
        "revision" : "9483a5d459b45c3ffd059f7b55f9638e268632fd",
        "version" : "1.5.0"
      }
    }
  ],
  "version" : 3
}
