{
  "originHash" : "dd45e89187127d3f735e9745035a7eeb2c95ca8b97d3fe9d91149a920aa71de0",
  "pins" : [
    {
      "identity" : "didresolver-swift",
      "kind" : "remoteSourceControl",
      "location" : "https://github.com/swiyu-admin-ch/didresolver-swift/",
      "state" : {
        "revision" : "cb0cca12ff0f29e471e4e763f5f9ab22b79b921b",
        "version" : "2.3.0"
      }
    },
    {
      "identity" : "jsonschema-swift",
      "kind" : "remoteSourceControl",
      "location" : "https://github.com/swiyu-admin-ch/jsonschema-swift",
      "state" : {
        "revision" : "4639bad8ac9197a436095e9b54efefdfea4a58e3",
        "version" : "0.34.0"
      }
    },
    {
      "identity" : "swifter",
      "kind" : "remoteSourceControl",
      "location" : "https://github.com/httpswift/swifter.git",
      "state" : {
        "revision" : "9483a5d459b45c3ffd059f7b55f9638e268632fd",
        "version" : "1.5.0"
      }
    }
  ],
  "version" : 3
}
