{
  "originHash" : "1bb085a62eb71e869df8fb35eb44b046ae6d906482a6fed02022673f74061c9b",
  "pins" : [
    {
      "identity" : "didresolver-swift",
      "kind" : "remoteSourceControl",
      "location" : "https://github.com/swiyu-admin-ch/didresolver-swift/",
      "state" : {
        "revision" : "53d9edc0955e079798bb3ba747e3ce6fb640778f",
        "version" : "2.2.0"
      }
    },
    {
      "identity" : "swifter",
      "kind" : "remoteSourceControl",
      "location" : "https://github.com/httpswift/swifter.git",
      "state" : {
        "revision" : "9483a5d459b45c3ffd059f7b55f9638e268632fd",
        "version" : "1.5.0"
      }
    }
  ],
  "version" : 3
}
